
Microsoft Visual Studio Solution File, Format Version 12.00
# Visual Studio Version 17
VisualStudioVersion = 17.4.33110.190
MinimumVisualStudioVersion = 10.0.40219.1
Project("{FAE04EC0-301F-11D3-BF4B-00C04F79EFBC}") = "ComobiOS23", "ComobiOS23.csproj", "{D55774F1-6EF6-4481-98E1-D6B3D1432ACF}"
EndProject
Global
	GlobalSection(SolutionConfigurationPlatforms) = preSolution
		Debug|Any CPU = Debug|Any CPU
		Release|Any CPU = Release|Any CPU
	EndGlobalSection
	GlobalSection(ProjectConfigurationPlatforms) = postSolution
		{D55774F1-6EF6-4481-98E1-D6B3D1432ACF}.Debug|Any CPU.ActiveCfg = Debug|Any CPU
		{D55774F1-6EF6-4481-98E1-D6B3D1432ACF}.Debug|Any CPU.Build.0 = Debug|Any CPU
		{D55774F1-6EF6-4481-98E1-D6B3D1432ACF}.Release|Any CPU.ActiveCfg = Release|Any CPU
		{D55774F1-6EF6-4481-98E1-D6B3D1432ACF}.Release|Any CPU.Build.0 = Release|Any CPU
	EndGlobalSection
	GlobalSection(SolutionProperties) = preSolution
		HideSolutionNode = FALSE
	EndGlobalSection
	GlobalSection(ExtensibilityGlobals) = postSolution
		SolutionGuid = {777BBA5A-9990-4D62-810B-484BBCDF9754}
	EndGlobalSection
EndGlobal
